
Microsoft Visual Studio Solution File, Format Version 12.00
# Visual Studio Version 16
VisualStudioVersion = 16.0.29409.12
MinimumVisualStudioVersion = 10.0.40219.1
Project("{9A19103F-16F7-4668-BE54-9A1E7A4F7556}") = "CorporateQnA", "CorporateQnA\CorporateQnA.csproj", "{3130ECC6-4F52-4CD5-BB71-4653432115C5}"
EndProject
Project("{9A19103F-16F7-4668-BE54-9A1E7A4F7556}") = "CorporateQnA.Models", "CorporateQnA.Models\CorporateQnA.Models.csproj", "{B6F476A6-127E-4EE1-B8C2-D6775BFE66C9}"
EndProject
Project("{9A19103F-16F7-4668-BE54-9A1E7A4F7556}") = "CorporateQnA.Services", "CorporateQnA.Services\CorporateQnA.Services.csproj", "{53F10477-15B0-4FE1-85B6-DDFEA17EAFA7}"
EndProject
Global
	GlobalSection(SolutionConfigurationPlatforms) = preSolution
		Debug|Any CPU = Debug|Any CPU
		Release|Any CPU = Release|Any CPU
	EndGlobalSection
	GlobalSection(ProjectConfigurationPlatforms) = postSolution
		{3130ECC6-4F52-4CD5-BB71-4653432115C5}.Debug|Any CPU.ActiveCfg = Debug|Any CPU
		{3130ECC6-4F52-4CD5-BB71-4653432115C5}.Debug|Any CPU.Build.0 = Debug|Any CPU
		{3130ECC6-4F52-4CD5-BB71-4653432115C5}.Release|Any CPU.ActiveCfg = Release|Any CPU
		{3130ECC6-4F52-4CD5-BB71-4653432115C5}.Release|Any CPU.Build.0 = Release|Any CPU
		{B6F476A6-127E-4EE1-B8C2-D6775BFE66C9}.Debug|Any CPU.ActiveCfg = Debug|Any CPU
		{B6F476A6-127E-4EE1-B8C2-D6775BFE66C9}.Debug|Any CPU.Build.0 = Debug|Any CPU
		{B6F476A6-127E-4EE1-B8C2-D6775BFE66C9}.Release|Any CPU.ActiveCfg = Release|Any CPU
		{B6F476A6-127E-4EE1-B8C2-D6775BFE66C9}.Release|Any CPU.Build.0 = Release|Any CPU
		{53F10477-15B0-4FE1-85B6-DDFEA17EAFA7}.Debug|Any CPU.ActiveCfg = Debug|Any CPU
		{53F10477-15B0-4FE1-85B6-DDFEA17EAFA7}.Debug|Any CPU.Build.0 = Debug|Any CPU
		{53F10477-15B0-4FE1-85B6-DDFEA17EAFA7}.Release|Any CPU.ActiveCfg = Release|Any CPU
		{53F10477-15B0-4FE1-85B6-DDFEA17EAFA7}.Release|Any CPU.Build.0 = Release|Any CPU
	EndGlobalSection
	GlobalSection(SolutionProperties) = preSolution
		HideSolutionNode = FALSE
	EndGlobalSection
	GlobalSection(ExtensibilityGlobals) = postSolution
		SolutionGuid = {BD3098F3-0AFE-48D9-A29B-F4ED2C8F45EF}
	EndGlobalSection
EndGlobal
